
Microsoft Visual Studio Solution File, Format Version 12.00
# Visual Studio Version 17
VisualStudioVersion = 17.9.34701.34
MinimumVisualStudioVersion = 10.0.40219.1
Project("{FAE04EC0-301F-11D3-BF4B-00C04F79EFBC}") = "Prop_Poe", "Prop_Poe.csproj", "{FCE6501C-E6EF-4280-867C-F6747067CE65}"
EndProject
Global
	GlobalSection(SolutionConfigurationPlatforms) = preSolution
		Debug|Any CPU = Debug|Any CPU
		Release|Any CPU = Release|Any CPU
	EndGlobalSection
	GlobalSection(ProjectConfigurationPlatforms) = postSolution
		{FCE6501C-E6EF-4280-867C-F6747067CE65}.Debug|Any CPU.ActiveCfg = Debug|Any CPU
		{FCE6501C-E6EF-4280-867C-F6747067CE65}.Debug|Any CPU.Build.0 = Debug|Any CPU
		{FCE6501C-E6EF-4280-867C-F6747067CE65}.Release|Any CPU.ActiveCfg = Release|Any CPU
		{FCE6501C-E6EF-4280-867C-F6747067CE65}.Release|Any CPU.Build.0 = Release|Any CPU
	EndGlobalSection
	GlobalSection(SolutionProperties) = preSolution
		HideSolutionNode = FALSE
	EndGlobalSection
	GlobalSection(ExtensibilityGlobals) = postSolution
		SolutionGuid = {884B1747-C0DC-4CB3-856C-A7DC5C145CD7}
	EndGlobalSection
EndGlobal
